
Microsoft Visual Studio Solution File, Format Version 12.00
# Visual Studio 14
VisualStudioVersion = 14.0.25420.1
MinimumVisualStudioVersion = 10.0.40219.1
Project("{FAE04EC0-301F-11D3-BF4B-00C04F79EFBC}") = "Feedback.UI.Core", "Feedback\Feedback\Feedback.UI.Core.csproj", "{2CFAE2CB-FB88-455D-8AB0-0E3C51AF7BCC}"
EndProject
Project("{FAE04EC0-301F-11D3-BF4B-00C04F79EFBC}") = "Feedback.UI.Droid", "Feedback\Feedback.Droid\Feedback.UI.Droid.csproj", "{5AA14970-6A17-4B42-9B50-F4BB552A2E35}"
EndProject
Project("{FAE04EC0-301F-11D3-BF4B-00C04F79EFBC}") = "Feedback.UI.iOS", "Feedback\Feedback.iOS\Feedback.UI.iOS.csproj", "{5E6E4124-E662-4F03-B256-D18E50CA850A}"
EndProject
Project("{FAE04EC0-301F-11D3-BF4B-00C04F79EFBC}") = "Feedback.Core", "Feedback.Core\Feedback.Core.csproj", "{CD775321-FB8D-44AE-AC3A-75F6723AD6A7}"
EndProject
Project("{FAE04EC0-301F-11D3-BF4B-00C04F79EFBC}") = "Feedback.UI", "Feedback.UI\Feedback.UI.csproj", "{4882F23C-FD1C-443E-867F-FBB60BC1951C}"
EndProject
Global
	GlobalSection(SolutionConfigurationPlatforms) = preSolution
		Ad-Hoc|Any CPU = Ad-Hoc|Any CPU
		Ad-Hoc|ARM = Ad-Hoc|ARM
		Ad-Hoc|iPhone = Ad-Hoc|iPhone
		Ad-Hoc|iPhoneSimulator = Ad-Hoc|iPhoneSimulator
		Ad-Hoc|x64 = Ad-Hoc|x64
		Ad-Hoc|x86 = Ad-Hoc|x86
		AppStore|Any CPU = AppStore|Any CPU
		AppStore|ARM = AppStore|ARM
		AppStore|iPhone = AppStore|iPhone
		AppStore|iPhoneSimulator = AppStore|iPhoneSimulator
		AppStore|x64 = AppStore|x64
		AppStore|x86 = AppStore|x86
		Debug|Any CPU = Debug|Any CPU
		Debug|ARM = Debug|ARM
		Debug|iPhone = Debug|iPhone
		Debug|iPhoneSimulator = Debug|iPhoneSimulator
		Debug|x64 = Debug|x64
		Debug|x86 = Debug|x86
		Release|Any CPU = Release|Any CPU
		Release|ARM = Release|ARM
		Release|iPhone = Release|iPhone
		Release|iPhoneSimulator = Release|iPhoneSimulator
		Release|x64 = Release|x64
		Release|x86 = Release|x86
	EndGlobalSection
	GlobalSection(ProjectConfigurationPlatforms) = postSolution
		{2CFAE2CB-FB88-455D-8AB0-0E3C51AF7BCC}.Ad-Hoc|Any CPU.ActiveCfg = Release|Any CPU
		{2CFAE2CB-FB88-455D-8AB0-0E3C51AF7BCC}.Ad-Hoc|Any CPU.Build.0 = Release|Any CPU
		{2CFAE2CB-FB88-455D-8AB0-0E3C51AF7BCC}.Ad-Hoc|ARM.ActiveCfg = Release|Any CPU
		{2CFAE2CB-FB88-455D-8AB0-0E3C51AF7BCC}.Ad-Hoc|ARM.Build.0 = Release|Any CPU
		{2CFAE2CB-FB88-455D-8AB0-0E3C51AF7BCC}.Ad-Hoc|iPhone.ActiveCfg = Release|Any CPU
		{2CFAE2CB-FB88-455D-8AB0-0E3C51AF7BCC}.Ad-Hoc|iPhone.Build.0 = Release|Any CPU
		{2CFAE2CB-FB88-455D-8AB0-0E3C51AF7BCC}.Ad-Hoc|iPhoneSimulator.ActiveCfg = Release|Any CPU
		{2CFAE2CB-FB88-455D-8AB0-0E3C51AF7BCC}.Ad-Hoc|iPhoneSimulator.Build.0 = Release|Any CPU
		{2CFAE2CB-FB88-455D-8AB0-0E3C51AF7BCC}.Ad-Hoc|x64.ActiveCfg = Release|Any CPU
		{2CFAE2CB-FB88-455D-8AB0-0E3C51AF7BCC}.Ad-Hoc|x64.Build.0 = Release|Any CPU
		{2CFAE2CB-FB88-455D-8AB0-0E3C51AF7BCC}.Ad-Hoc|x86.ActiveCfg = Release|Any CPU
		{2CFAE2CB-FB88-455D-8AB0-0E3C51AF7BCC}.Ad-Hoc|x86.Build.0 = Release|Any CPU
		{2CFAE2CB-FB88-455D-8AB0-0E3C51AF7BCC}.AppStore|Any CPU.ActiveCfg = Release|Any CPU
		{2CFAE2CB-FB88-455D-8AB0-0E3C51AF7BCC}.AppStore|Any CPU.Build.0 = Release|Any CPU
		{2CFAE2CB-FB88-455D-8AB0-0E3C51AF7BCC}.AppStore|ARM.ActiveCfg = Release|Any CPU
		{2CFAE2CB-FB88-455D-8AB0-0E3C51AF7BCC}.AppStore|ARM.Build.0 = Release|Any CPU
		{2CFAE2CB-FB88-455D-8AB0-0E3C51AF7BCC}.AppStore|iPhone.ActiveCfg = Release|Any CPU
		{2CFAE2CB-FB88-455D-8AB0-0E3C51AF7BCC}.AppStore|iPhone.Build.0 = Release|Any CPU
		{2CFAE2CB-FB88-455D-8AB0-0E3C51AF7BCC}.AppStore|iPhoneSimulator.ActiveCfg = Release|Any CPU
		{2CFAE2CB-FB88-455D-8AB0-0E3C51AF7BCC}.AppStore|iPhoneSimulator.Build.0 = Release|Any CPU
		{2CFAE2CB-FB88-455D-8AB0-0E3C51AF7BCC}.AppStore|x64.ActiveCfg = Release|Any CPU
		{2CFAE2CB-FB88-455D-8AB0-0E3C51AF7BCC}.AppStore|x64.Build.0 = Release|Any CPU
		{2CFAE2CB-FB88-455D-8AB0-0E3C51AF7BCC}.AppStore|x86.ActiveCfg = Release|Any CPU
		{2CFAE2CB-FB88-455D-8AB0-0E3C51AF7BCC}.AppStore|x86.Build.0 = Release|Any CPU
		{2CFAE2CB-FB88-455D-8AB0-0E3C51AF7BCC}.Debug|Any CPU.ActiveCfg = Debug|Any CPU
		{2CFAE2CB-FB88-455D-8AB0-0E3C51AF7BCC}.Debug|Any CPU.Build.0 = Debug|Any CPU
		{2CFAE2CB-FB88-455D-8AB0-0E3C51AF7BCC}.Debug|ARM.ActiveCfg = Debug|Any CPU
		{2CFAE2CB-FB88-455D-8AB0-0E3C51AF7BCC}.Debug|ARM.Build.0 = Debug|Any CPU
		{2CFAE2CB-FB88-455D-8AB0-0E3C51AF7BCC}.Debug|iPhone.ActiveCfg = Debug|Any CPU
		{2CFAE2CB-FB88-455D-8AB0-0E3C51AF7BCC}.Debug|iPhone.Build.0 = Debug|Any CPU
		{2CFAE2CB-FB88-455D-8AB0-0E3C51AF7BCC}.Debug|iPhoneSimulator.ActiveCfg = Debug|Any CPU
		{2CFAE2CB-FB88-455D-8AB0-0E3C51AF7BCC}.Debug|iPhoneSimulator.Build.0 = Debug|Any CPU
		{2CFAE2CB-FB88-455D-8AB0-0E3C51AF7BCC}.Debug|x64.ActiveCfg = Debug|Any CPU
		{2CFAE2CB-FB88-455D-8AB0-0E3C51AF7BCC}.Debug|x64.Build.0 = Debug|Any CPU
		{2CFAE2CB-FB88-455D-8AB0-0E3C51AF7BCC}.Debug|x86.ActiveCfg = Debug|Any CPU
		{2CFAE2CB-FB88-455D-8AB0-0E3C51AF7BCC}.Debug|x86.Build.0 = Debug|Any CPU
		{2CFAE2CB-FB88-455D-8AB0-0E3C51AF7BCC}.Release|Any CPU.ActiveCfg = Release|Any CPU
		{2CFAE2CB-FB88-455D-8AB0-0E3C51AF7BCC}.Release|Any CPU.Build.0 = Release|Any CPU
		{2CFAE2CB-FB88-455D-8AB0-0E3C51AF7BCC}.Release|ARM.ActiveCfg = Release|Any CPU
		{2CFAE2CB-FB88-455D-8AB0-0E3C51AF7BCC}.Release|ARM.Build.0 = Release|Any CPU
		{2CFAE2CB-FB88-455D-8AB0-0E3C51AF7BCC}.Release|iPhone.ActiveCfg = Release|Any CPU
		{2CFAE2CB-FB88-455D-8AB0-0E3C51AF7BCC}.Release|iPhone.Build.0 = Release|Any CPU
		{2CFAE2CB-FB88-455D-8AB0-0E3C51AF7BCC}.Release|iPhoneSimulator.ActiveCfg = Release|Any CPU
		{2CFAE2CB-FB88-455D-8AB0-0E3C51AF7BCC}.Release|iPhoneSimulator.Build.0 = Release|Any CPU
		{2CFAE2CB-FB88-455D-8AB0-0E3C51AF7BCC}.Release|x64.ActiveCfg = Release|Any CPU
		{2CFAE2CB-FB88-455D-8AB0-0E3C51AF7BCC}.Release|x64.Build.0 = Release|Any CPU
		{2CFAE2CB-FB88-455D-8AB0-0E3C51AF7BCC}.Release|x86.ActiveCfg = Release|Any CPU
		{2CFAE2CB-FB88-455D-8AB0-0E3C51AF7BCC}.Release|x86.Build.0 = Release|Any CPU
		{5AA14970-6A17-4B42-9B50-F4BB552A2E35}.Ad-Hoc|Any CPU.ActiveCfg = Release|Any CPU
		{5AA14970-6A17-4B42-9B50-F4BB552A2E35}.Ad-Hoc|Any CPU.Build.0 = Release|Any CPU
		{5AA14970-6A17-4B42-9B50-F4BB552A2E35}.Ad-Hoc|Any CPU.Deploy.0 = Release|Any CPU
		{5AA14970-6A17-4B42-9B50-F4BB552A2E35}.Ad-Hoc|ARM.ActiveCfg = Release|Any CPU
		{5AA14970-6A17-4B42-9B50-F4BB552A2E35}.Ad-Hoc|ARM.Build.0 = Release|Any CPU
		{5AA14970-6A17-4B42-9B50-F4BB552A2E35}.Ad-Hoc|ARM.Deploy.0 = Release|Any CPU
		{5AA14970-6A17-4B42-9B50-F4BB552A2E35}.Ad-Hoc|iPhone.ActiveCfg = Release|Any CPU
		{5AA14970-6A17-4B42-9B50-F4BB552A2E35}.Ad-Hoc|iPhone.Build.0 = Release|Any CPU
		{5AA14970-6A17-4B42-9B50-F4BB552A2E35}.Ad-Hoc|iPhone.Deploy.0 = Release|Any CPU
		{5AA14970-6A17-4B42-9B50-F4BB552A2E35}.Ad-Hoc|iPhoneSimulator.ActiveCfg = Release|Any CPU
		{5AA14970-6A17-4B42-9B50-F4BB552A2E35}.Ad-Hoc|iPhoneSimulator.Build.0 = Release|Any CPU
		{5AA14970-6A17-4B42-9B50-F4BB552A2E35}.Ad-Hoc|iPhoneSimulator.Deploy.0 = Release|Any CPU
		{5AA14970-6A17-4B42-9B50-F4BB552A2E35}.Ad-Hoc|x64.ActiveCfg = Release|Any CPU
		{5AA14970-6A17-4B42-9B50-F4BB552A2E35}.Ad-Hoc|x64.Build.0 = Release|Any CPU
		{5AA14970-6A17-4B42-9B50-F4BB552A2E35}.Ad-Hoc|x64.Deploy.0 = Release|Any CPU
		{5AA14970-6A17-4B42-9B50-F4BB552A2E35}.Ad-Hoc|x86.ActiveCfg = Release|Any CPU
		{5AA14970-6A17-4B42-9B50-F4BB552A2E35}.Ad-Hoc|x86.Build.0 = Release|Any CPU
		{5AA14970-6A17-4B42-9B50-F4BB552A2E35}.Ad-Hoc|x86.Deploy.0 = Release|Any CPU
		{5AA14970-6A17-4B42-9B50-F4BB552A2E35}.AppStore|Any CPU.ActiveCfg = Release|Any CPU
		{5AA14970-6A17-4B42-9B50-F4BB552A2E35}.AppStore|Any CPU.Build.0 = Release|Any CPU
		{5AA14970-6A17-4B42-9B50-F4BB552A2E35}.AppStore|Any CPU.Deploy.0 = Release|Any CPU
		{5AA14970-6A17-4B42-9B50-F4BB552A2E35}.AppStore|ARM.ActiveCfg = Release|Any CPU
		{5AA14970-6A17-4B42-9B50-F4BB552A2E35}.AppStore|ARM.Build.0 = Release|Any CPU
		{5AA14970-6A17-4B42-9B50-F4BB552A2E35}.AppStore|ARM.Deploy.0 = Release|Any CPU
		{5AA14970-6A17-4B42-9B50-F4BB552A2E35}.AppStore|iPhone.ActiveCfg = Release|Any CPU
		{5AA14970-6A17-4B42-9B50-F4BB552A2E35}.AppStore|iPhone.Build.0 = Release|Any CPU
		{5AA14970-6A17-4B42-9B50-F4BB552A2E35}.AppStore|iPhone.Deploy.0 = Release|Any CPU
		{5AA14970-6A17-4B42-9B50-F4BB552A2E35}.AppStore|iPhoneSimulator.ActiveCfg = Release|Any CPU
		{5AA14970-6A17-4B42-9B50-F4BB552A2E35}.AppStore|iPhoneSimulator.Build.0 = Release|Any CPU
		{5AA14970-6A17-4B42-9B50-F4BB552A2E35}.AppStore|iPhoneSimulator.Deploy.0 = Release|Any CPU
		{5AA14970-6A17-4B42-9B50-F4BB552A2E35}.AppStore|x64.ActiveCfg = Release|Any CPU
		{5AA14970-6A17-4B42-9B50-F4BB552A2E35}.AppStore|x64.Build.0 = Release|Any CPU
		{5AA14970-6A17-4B42-9B50-F4BB552A2E35}.AppStore|x64.Deploy.0 = Release|Any CPU
		{5AA14970-6A17-4B42-9B50-F4BB552A2E35}.AppStore|x86.ActiveCfg = Release|Any CPU
		{5AA14970-6A17-4B42-9B50-F4BB552A2E35}.AppStore|x86.Build.0 = Release|Any CPU
		{5AA14970-6A17-4B42-9B50-F4BB552A2E35}.AppStore|x86.Deploy.0 = Release|Any CPU
		{5AA14970-6A17-4B42-9B50-F4BB552A2E35}.Debug|Any CPU.ActiveCfg = Debug|Any CPU
		{5AA14970-6A17-4B42-9B50-F4BB552A2E35}.Debug|Any CPU.Build.0 = Debug|Any CPU
		{5AA14970-6A17-4B42-9B50-F4BB552A2E35}.Debug|Any CPU.Deploy.0 = Debug|Any CPU
		{5AA14970-6A17-4B42-9B50-F4BB552A2E35}.Debug|ARM.ActiveCfg = Debug|Any CPU
		{5AA14970-6A17-4B42-9B50-F4BB552A2E35}.Debug|ARM.Build.0 = Debug|Any CPU
		{5AA14970-6A17-4B42-9B50-F4BB552A2E35}.Debug|ARM.Deploy.0 = Debug|Any CPU
		{5AA14970-6A17-4B42-9B50-F4BB552A2E35}.Debug|iPhone.ActiveCfg = Debug|Any CPU
		{5AA14970-6A17-4B42-9B50-F4BB552A2E35}.Debug|iPhone.Build.0 = Debug|Any CPU
		{5AA14970-6A17-4B42-9B50-F4BB552A2E35}.Debug|iPhone.Deploy.0 = Debug|Any CPU
		{5AA14970-6A17-4B42-9B50-F4BB552A2E35}.Debug|iPhoneSimulator.ActiveCfg = Debug|Any CPU
		{5AA14970-6A17-4B42-9B50-F4BB552A2E35}.Debug|iPhoneSimulator.Build.0 = Debug|Any CPU
		{5AA14970-6A17-4B42-9B50-F4BB552A2E35}.Debug|iPhoneSimulator.Deploy.0 = Debug|Any CPU
		{5AA14970-6A17-4B42-9B50-F4BB552A2E35}.Debug|x64.ActiveCfg = Debug|Any CPU
		{5AA14970-6A17-4B42-9B50-F4BB552A2E35}.Debug|x64.Build.0 = Debug|Any CPU
		{5AA14970-6A17-4B42-9B50-F4BB552A2E35}.Debug|x64.Deploy.0 = Debug|Any CPU
		{5AA14970-6A17-4B42-9B50-F4BB552A2E35}.Debug|x86.ActiveCfg = Debug|Any CPU
		{5AA14970-6A17-4B42-9B50-F4BB552A2E35}.Debug|x86.Build.0 = Debug|Any CPU
		{5AA14970-6A17-4B42-9B50-F4BB552A2E35}.Debug|x86.Deploy.0 = Debug|Any CPU
		{5AA14970-6A17-4B42-9B50-F4BB552A2E35}.Release|Any CPU.ActiveCfg = Release|Any CPU
		{5AA14970-6A17-4B42-9B50-F4BB552A2E35}.Release|Any CPU.Build.0 = Release|Any CPU
		{5AA14970-6A17-4B42-9B50-F4BB552A2E35}.Release|Any CPU.Deploy.0 = Release|Any CPU
		{5AA14970-6A17-4B42-9B50-F4BB552A2E35}.Release|ARM.ActiveCfg = Release|Any CPU
		{5AA14970-6A17-4B42-9B50-F4BB552A2E35}.Release|ARM.Build.0 = Release|Any CPU
		{5AA14970-6A17-4B42-9B50-F4BB552A2E35}.Release|ARM.Deploy.0 = Release|Any CPU
		{5AA14970-6A17-4B42-9B50-F4BB552A2E35}.Release|iPhone.ActiveCfg = Release|Any CPU
		{5AA14970-6A17-4B42-9B50-F4BB552A2E35}.Release|iPhone.Build.0 = Release|Any CPU
		{5AA14970-6A17-4B42-9B50-F4BB552A2E35}.Release|iPhone.Deploy.0 = Release|Any CPU
		{5AA14970-6A17-4B42-9B50-F4BB552A2E35}.Release|iPhoneSimulator.ActiveCfg = Release|Any CPU
		{5AA14970-6A17-4B42-9B50-F4BB552A2E35}.Release|iPhoneSimulator.Build.0 = Release|Any CPU
		{5AA14970-6A17-4B42-9B50-F4BB552A2E35}.Release|iPhoneSimulator.Deploy.0 = Release|Any CPU
		{5AA14970-6A17-4B42-9B50-F4BB552A2E35}.Release|x64.ActiveCfg = Release|Any CPU
		{5AA14970-6A17-4B42-9B50-F4BB552A2E35}.Release|x64.Build.0 = Release|Any CPU
		{5AA14970-6A17-4B42-9B50-F4BB552A2E35}.Release|x64.Deploy.0 = Release|Any CPU
		{5AA14970-6A17-4B42-9B50-F4BB552A2E35}.Release|x86.ActiveCfg = Release|Any CPU
		{5AA14970-6A17-4B42-9B50-F4BB552A2E35}.Release|x86.Build.0 = Release|Any CPU
		{5AA14970-6A17-4B42-9B50-F4BB552A2E35}.Release|x86.Deploy.0 = Release|Any CPU
		{5E6E4124-E662-4F03-B256-D18E50CA850A}.Ad-Hoc|Any CPU.ActiveCfg = Ad-Hoc|iPhone
		{5E6E4124-E662-4F03-B256-D18E50CA850A}.Ad-Hoc|ARM.ActiveCfg = Ad-Hoc|iPhone
		{5E6E4124-E662-4F03-B256-D18E50CA850A}.Ad-Hoc|iPhone.ActiveCfg = Ad-Hoc|iPhone
		{5E6E4124-E662-4F03-B256-D18E50CA850A}.Ad-Hoc|iPhone.Build.0 = Ad-Hoc|iPhone
		{5E6E4124-E662-4F03-B256-D18E50CA850A}.Ad-Hoc|iPhoneSimulator.ActiveCfg = Ad-Hoc|iPhoneSimulator
		{5E6E4124-E662-4F03-B256-D18E50CA850A}.Ad-Hoc|iPhoneSimulator.Build.0 = Ad-Hoc|iPhoneSimulator
		{5E6E4124-E662-4F03-B256-D18E50CA850A}.Ad-Hoc|x64.ActiveCfg = Ad-Hoc|iPhone
		{5E6E4124-E662-4F03-B256-D18E50CA850A}.Ad-Hoc|x86.ActiveCfg = Ad-Hoc|iPhone
		{5E6E4124-E662-4F03-B256-D18E50CA850A}.AppStore|Any CPU.ActiveCfg = AppStore|iPhone
		{5E6E4124-E662-4F03-B256-D18E50CA850A}.AppStore|ARM.ActiveCfg = AppStore|iPhone
		{5E6E4124-E662-4F03-B256-D18E50CA850A}.AppStore|iPhone.ActiveCfg = AppStore|iPhone
		{5E6E4124-E662-4F03-B256-D18E50CA850A}.AppStore|iPhone.Build.0 = AppStore|iPhone
		{5E6E4124-E662-4F03-B256-D18E50CA850A}.AppStore|iPhoneSimulator.ActiveCfg = AppStore|iPhoneSimulator
		{5E6E4124-E662-4F03-B256-D18E50CA850A}.AppStore|iPhoneSimulator.Build.0 = AppStore|iPhoneSimulator
		{5E6E4124-E662-4F03-B256-D18E50CA850A}.AppStore|x64.ActiveCfg = AppStore|iPhone
		{5E6E4124-E662-4F03-B256-D18E50CA850A}.AppStore|x86.ActiveCfg = AppStore|iPhone
		{5E6E4124-E662-4F03-B256-D18E50CA850A}.Debug|Any CPU.ActiveCfg = Debug|iPhone
		{5E6E4124-E662-4F03-B256-D18E50CA850A}.Debug|ARM.ActiveCfg = Debug|iPhone
		{5E6E4124-E662-4F03-B256-D18E50CA850A}.Debug|iPhone.ActiveCfg = Debug|iPhone
		{5E6E4124-E662-4F03-B256-D18E50CA850A}.Debug|iPhone.Build.0 = Debug|iPhone
		{5E6E4124-E662-4F03-B256-D18E50CA850A}.Debug|iPhoneSimulator.ActiveCfg = Debug|iPhoneSimulator
		{5E6E4124-E662-4F03-B256-D18E50CA850A}.Debug|iPhoneSimulator.Build.0 = Debug|iPhoneSimulator
		{5E6E4124-E662-4F03-B256-D18E50CA850A}.Debug|x64.ActiveCfg = Debug|iPhone
		{5E6E4124-E662-4F03-B256-D18E50CA850A}.Debug|x86.ActiveCfg = Debug|iPhone
		{5E6E4124-E662-4F03-B256-D18E50CA850A}.Release|Any CPU.ActiveCfg = Release|iPhone
		{5E6E4124-E662-4F03-B256-D18E50CA850A}.Release|ARM.ActiveCfg = Release|iPhone
		{5E6E4124-E662-4F03-B256-D18E50CA850A}.Release|iPhone.ActiveCfg = Release|iPhone
		{5E6E4124-E662-4F03-B256-D18E50CA850A}.Release|iPhone.Build.0 = Release|iPhone
		{5E6E4124-E662-4F03-B256-D18E50CA850A}.Release|iPhoneSimulator.ActiveCfg = Release|iPhoneSimulator
		{5E6E4124-E662-4F03-B256-D18E50CA850A}.Release|iPhoneSimulator.Build.0 = Release|iPhoneSimulator
		{5E6E4124-E662-4F03-B256-D18E50CA850A}.Release|x64.ActiveCfg = Release|iPhone
		{5E6E4124-E662-4F03-B256-D18E50CA850A}.Release|x86.ActiveCfg = Release|iPhone
		{CD775321-FB8D-44AE-AC3A-75F6723AD6A7}.Ad-Hoc|Any CPU.ActiveCfg = Release|Any CPU
		{CD775321-FB8D-44AE-AC3A-75F6723AD6A7}.Ad-Hoc|Any CPU.Build.0 = Release|Any CPU
		{CD775321-FB8D-44AE-AC3A-75F6723AD6A7}.Ad-Hoc|ARM.ActiveCfg = Release|Any CPU
		{CD775321-FB8D-44AE-AC3A-75F6723AD6A7}.Ad-Hoc|ARM.Build.0 = Release|Any CPU
		{CD775321-FB8D-44AE-AC3A-75F6723AD6A7}.Ad-Hoc|iPhone.ActiveCfg = Release|Any CPU
		{CD775321-FB8D-44AE-AC3A-75F6723AD6A7}.Ad-Hoc|iPhone.Build.0 = Release|Any CPU
		{CD775321-FB8D-44AE-AC3A-75F6723AD6A7}.Ad-Hoc|iPhoneSimulator.ActiveCfg = Release|Any CPU
		{CD775321-FB8D-44AE-AC3A-75F6723AD6A7}.Ad-Hoc|iPhoneSimulator.Build.0 = Release|Any CPU
		{CD775321-FB8D-44AE-AC3A-75F6723AD6A7}.Ad-Hoc|x64.ActiveCfg = Release|Any CPU
		{CD775321-FB8D-44AE-AC3A-75F6723AD6A7}.Ad-Hoc|x64.Build.0 = Release|Any CPU
		{CD775321-FB8D-44AE-AC3A-75F6723AD6A7}.Ad-Hoc|x86.ActiveCfg = Release|Any CPU
		{CD775321-FB8D-44AE-AC3A-75F6723AD6A7}.Ad-Hoc|x86.Build.0 = Release|Any CPU
		{CD775321-FB8D-44AE-AC3A-75F6723AD6A7}.AppStore|Any CPU.ActiveCfg = Release|Any CPU
		{CD775321-FB8D-44AE-AC3A-75F6723AD6A7}.AppStore|Any CPU.Build.0 = Release|Any CPU
		{CD775321-FB8D-44AE-AC3A-75F6723AD6A7}.AppStore|ARM.ActiveCfg = Release|Any CPU
		{CD775321-FB8D-44AE-AC3A-75F6723AD6A7}.AppStore|ARM.Build.0 = Release|Any CPU
		{CD775321-FB8D-44AE-AC3A-75F6723AD6A7}.AppStore|iPhone.ActiveCfg = Release|Any CPU
		{CD775321-FB8D-44AE-AC3A-75F6723AD6A7}.AppStore|iPhone.Build.0 = Release|Any CPU
		{CD775321-FB8D-44AE-AC3A-75F6723AD6A7}.AppStore|iPhoneSimulator.ActiveCfg = Release|Any CPU
		{CD775321-FB8D-44AE-AC3A-75F6723AD6A7}.AppStore|iPhoneSimulator.Build.0 = Release|Any CPU
		{CD775321-FB8D-44AE-AC3A-75F6723AD6A7}.AppStore|x64.ActiveCfg = Release|Any CPU
		{CD775321-FB8D-44AE-AC3A-75F6723AD6A7}.AppStore|x64.Build.0 = Release|Any CPU
		{CD775321-FB8D-44AE-AC3A-75F6723AD6A7}.AppStore|x86.ActiveCfg = Release|Any CPU
		{CD775321-FB8D-44AE-AC3A-75F6723AD6A7}.AppStore|x86.Build.0 = Release|Any CPU
		{CD775321-FB8D-44AE-AC3A-75F6723AD6A7}.Debug|Any CPU.ActiveCfg = Debug|Any CPU
		{CD775321-FB8D-44AE-AC3A-75F6723AD6A7}.Debug|Any CPU.Build.0 = Debug|Any CPU
		{CD775321-FB8D-44AE-AC3A-75F6723AD6A7}.Debug|ARM.ActiveCfg = Debug|Any CPU
		{CD775321-FB8D-44AE-AC3A-75F6723AD6A7}.Debug|ARM.Build.0 = Debug|Any CPU
		{CD775321-FB8D-44AE-AC3A-75F6723AD6A7}.Debug|iPhone.ActiveCfg = Debug|Any CPU
		{CD775321-FB8D-44AE-AC3A-75F6723AD6A7}.Debug|iPhone.Build.0 = Debug|Any CPU
		{CD775321-FB8D-44AE-AC3A-75F6723AD6A7}.Debug|iPhoneSimulator.ActiveCfg = Debug|Any CPU
		{CD775321-FB8D-44AE-AC3A-75F6723AD6A7}.Debug|iPhoneSimulator.Build.0 = Debug|Any CPU
		{CD775321-FB8D-44AE-AC3A-75F6723AD6A7}.Debug|x64.ActiveCfg = Debug|Any CPU
		{CD775321-FB8D-44AE-AC3A-75F6723AD6A7}.Debug|x64.Build.0 = Debug|Any CPU
		{CD775321-FB8D-44AE-AC3A-75F6723AD6A7}.Debug|x86.ActiveCfg = Debug|Any CPU
		{CD775321-FB8D-44AE-AC3A-75F6723AD6A7}.Debug|x86.Build.0 = Debug|Any CPU
		{CD775321-FB8D-44AE-AC3A-75F6723AD6A7}.Release|Any CPU.ActiveCfg = Release|Any CPU
		{CD775321-FB8D-44AE-AC3A-75F6723AD6A7}.Release|Any CPU.Build.0 = Release|Any CPU
		{CD775321-FB8D-44AE-AC3A-75F6723AD6A7}.Release|ARM.ActiveCfg = Release|Any CPU
		{CD775321-FB8D-44AE-AC3A-75F6723AD6A7}.Release|ARM.Build.0 = Release|Any CPU
		{CD775321-FB8D-44AE-AC3A-75F6723AD6A7}.Release|iPhone.ActiveCfg = Release|Any CPU
		{CD775321-FB8D-44AE-AC3A-75F6723AD6A7}.Release|iPhone.Build.0 = Release|Any CPU
		{CD775321-FB8D-44AE-AC3A-75F6723AD6A7}.Release|iPhoneSimulator.ActiveCfg = Release|Any CPU
		{CD775321-FB8D-44AE-AC3A-75F6723AD6A7}.Release|iPhoneSimulator.Build.0 = Release|Any CPU
		{CD775321-FB8D-44AE-AC3A-75F6723AD6A7}.Release|x64.ActiveCfg = Release|Any CPU
		{CD775321-FB8D-44AE-AC3A-75F6723AD6A7}.Release|x64.Build.0 = Release|Any CPU
		{CD775321-FB8D-44AE-AC3A-75F6723AD6A7}.Release|x86.ActiveCfg = Release|Any CPU
		{CD775321-FB8D-44AE-AC3A-75F6723AD6A7}.Release|x86.Build.0 = Release|Any CPU
		{4882F23C-FD1C-443E-867F-FBB60BC1951C}.Ad-Hoc|Any CPU.ActiveCfg = Release|Any CPU
		{4882F23C-FD1C-443E-867F-FBB60BC1951C}.Ad-Hoc|Any CPU.Build.0 = Release|Any CPU
		{4882F23C-FD1C-443E-867F-FBB60BC1951C}.Ad-Hoc|ARM.ActiveCfg = Release|Any CPU
		{4882F23C-FD1C-443E-867F-FBB60BC1951C}.Ad-Hoc|ARM.Build.0 = Release|Any CPU
		{4882F23C-FD1C-443E-867F-FBB60BC1951C}.Ad-Hoc|iPhone.ActiveCfg = Release|Any CPU
		{4882F23C-FD1C-443E-867F-FBB60BC1951C}.Ad-Hoc|iPhone.Build.0 = Release|Any CPU
		{4882F23C-FD1C-443E-867F-FBB60BC1951C}.Ad-Hoc|iPhoneSimulator.ActiveCfg = Release|Any CPU
		{4882F23C-FD1C-443E-867F-FBB60BC1951C}.Ad-Hoc|iPhoneSimulator.Build.0 = Release|Any CPU
		{4882F23C-FD1C-443E-867F-FBB60BC1951C}.Ad-Hoc|x64.ActiveCfg = Release|Any CPU
		{4882F23C-FD1C-443E-867F-FBB60BC1951C}.Ad-Hoc|x64.Build.0 = Release|Any CPU
		{4882F23C-FD1C-443E-867F-FBB60BC1951C}.Ad-Hoc|x86.ActiveCfg = Release|Any CPU
		{4882F23C-FD1C-443E-867F-FBB60BC1951C}.Ad-Hoc|x86.Build.0 = Release|Any CPU
		{4882F23C-FD1C-443E-867F-FBB60BC1951C}.AppStore|Any CPU.ActiveCfg = Release|Any CPU
		{4882F23C-FD1C-443E-867F-FBB60BC1951C}.AppStore|Any CPU.Build.0 = Release|Any CPU
		{4882F23C-FD1C-443E-867F-FBB60BC1951C}.AppStore|ARM.ActiveCfg = Release|Any CPU
		{4882F23C-FD1C-443E-867F-FBB60BC1951C}.AppStore|ARM.Build.0 = Release|Any CPU
		{4882F23C-FD1C-443E-867F-FBB60BC1951C}.AppStore|iPhone.ActiveCfg = Release|Any CPU
		{4882F23C-FD1C-443E-867F-FBB60BC1951C}.AppStore|iPhone.Build.0 = Release|Any CPU
		{4882F23C-FD1C-443E-867F-FBB60BC1951C}.AppStore|iPhoneSimulator.ActiveCfg = Release|Any CPU
		{4882F23C-FD1C-443E-867F-FBB60BC1951C}.AppStore|iPhoneSimulator.Build.0 = Release|Any CPU
		{4882F23C-FD1C-443E-867F-FBB60BC1951C}.AppStore|x64.ActiveCfg = Release|Any CPU
		{4882F23C-FD1C-443E-867F-FBB60BC1951C}.AppStore|x64.Build.0 = Release|Any CPU
		{4882F23C-FD1C-443E-867F-FBB60BC1951C}.AppStore|x86.ActiveCfg = Release|Any CPU
		{4882F23C-FD1C-443E-867F-FBB60BC1951C}.AppStore|x86.Build.0 = Release|Any CPU
		{4882F23C-FD1C-443E-867F-FBB60BC1951C}.Debug|Any CPU.ActiveCfg = Debug|Any CPU
		{4882F23C-FD1C-443E-867F-FBB60BC1951C}.Debug|Any CPU.Build.0 = Debug|Any CPU
		{4882F23C-FD1C-443E-867F-FBB60BC1951C}.Debug|ARM.ActiveCfg = Debug|Any CPU
		{4882F23C-FD1C-443E-867F-FBB60BC1951C}.Debug|ARM.Build.0 = Debug|Any CPU
		{4882F23C-FD1C-443E-867F-FBB60BC1951C}.Debug|iPhone.ActiveCfg = Debug|Any CPU
		{4882F23C-FD1C-443E-867F-FBB60BC1951C}.Debug|iPhone.Build.0 = Debug|Any CPU
		{4882F23C-FD1C-443E-867F-FBB60BC1951C}.Debug|iPhoneSimulator.ActiveCfg = Debug|Any CPU
		{4882F23C-FD1C-443E-867F-FBB60BC1951C}.Debug|iPhoneSimulator.Build.0 = Debug|Any CPU
		{4882F23C-FD1C-443E-867F-FBB60BC1951C}.Debug|x64.ActiveCfg = Debug|Any CPU
		{4882F23C-FD1C-443E-867F-FBB60BC1951C}.Debug|x64.Build.0 = Debug|Any CPU
		{4882F23C-FD1C-443E-867F-FBB60BC1951C}.Debug|x86.ActiveCfg = Debug|Any CPU
		{4882F23C-FD1C-443E-867F-FBB60BC1951C}.Debug|x86.Build.0 = Debug|Any CPU
		{4882F23C-FD1C-443E-867F-FBB60BC1951C}.Release|Any CPU.ActiveCfg = Release|Any CPU
		{4882F23C-FD1C-443E-867F-FBB60BC1951C}.Release|Any CPU.Build.0 = Release|Any CPU
		{4882F23C-FD1C-443E-867F-FBB60BC1951C}.Release|ARM.ActiveCfg = Release|Any CPU
		{4882F23C-FD1C-443E-867F-FBB60BC1951C}.Release|ARM.Build.0 = Release|Any CPU
		{4882F23C-FD1C-443E-867F-FBB60BC1951C}.Release|iPhone.ActiveCfg = Release|Any CPU
		{4882F23C-FD1C-443E-867F-FBB60BC1951C}.Release|iPhone.Build.0 = Release|Any CPU
		{4882F23C-FD1C-443E-867F-FBB60BC1951C}.Release|iPhoneSimulator.ActiveCfg = Release|Any CPU
		{4882F23C-FD1C-443E-867F-FBB60BC1951C}.Release|iPhoneSimulator.Build.0 = Release|Any CPU
		{4882F23C-FD1C-443E-867F-FBB60BC1951C}.Release|x64.ActiveCfg = Release|Any CPU
		{4882F23C-FD1C-443E-867F-FBB60BC1951C}.Release|x64.Build.0 = Release|Any CPU
		{4882F23C-FD1C-443E-867F-FBB60BC1951C}.Release|x86.ActiveCfg = Release|Any CPU
		{4882F23C-FD1C-443E-867F-FBB60BC1951C}.Release|x86.Build.0 = Release|Any CPU
	EndGlobalSection
	GlobalSection(SolutionProperties) = preSolution
		HideSolutionNode = FALSE
	EndGlobalSection
EndGlobal
